
Microsoft Visual Studio Solution File, Format Version 12.00
# Visual Studio Version 17
VisualStudioVersion = 17.9.34616.47
MinimumVisualStudioVersion = 10.0.40219.1
Project("{FAE04EC0-301F-11D3-BF4B-00C04F79EFBC}") = "tpmodul5_1302220056", "tpmodul5_1302220056\tpmodul5_1302220056.csproj", "{60B73F6F-9935-4EE5-8FD5-5C500846A551}"
EndProject
Global
	GlobalSection(SolutionConfigurationPlatforms) = preSolution
		Debug|Any CPU = Debug|Any CPU
		Release|Any CPU = Release|Any CPU
	EndGlobalSection
	GlobalSection(ProjectConfigurationPlatforms) = postSolution
		{60B73F6F-9935-4EE5-8FD5-5C500846A551}.Debug|Any CPU.ActiveCfg = Debug|Any CPU
		{60B73F6F-9935-4EE5-8FD5-5C500846A551}.Debug|Any CPU.Build.0 = Debug|Any CPU
		{60B73F6F-9935-4EE5-8FD5-5C500846A551}.Release|Any CPU.ActiveCfg = Release|Any CPU
		{60B73F6F-9935-4EE5-8FD5-5C500846A551}.Release|Any CPU.Build.0 = Release|Any CPU
	EndGlobalSection
	GlobalSection(SolutionProperties) = preSolution
		HideSolutionNode = FALSE
	EndGlobalSection
	GlobalSection(ExtensibilityGlobals) = postSolution
		SolutionGuid = {F1CC940F-342E-48EA-904D-AD3C6355F961}
	EndGlobalSection
EndGlobal
